
Microsoft Visual Studio Solution File, Format Version 12.00
# Visual Studio 2012
Project("{FAE04EC0-301F-11D3-BF4B-00C04F79EFBC}") = "MultFixturedNunit", "MultFixturedNunit\MultFixturedNunit.csproj", "{DE49E1FF-201C-459C-9DB7-4A119F6E961C}"
EndProject
Global
	GlobalSection(SolutionConfigurationPlatforms) = preSolution
		Debug|Any CPU = Debug|Any CPU
		Release|Any CPU = Release|Any CPU
	EndGlobalSection
	GlobalSection(ProjectConfigurationPlatforms) = postSolution
		{DE49E1FF-201C-459C-9DB7-4A119F6E961C}.Debug|Any CPU.ActiveCfg = Debug|Any CPU
		{DE49E1FF-201C-459C-9DB7-4A119F6E961C}.Debug|Any CPU.Build.0 = Debug|Any CPU
		{DE49E1FF-201C-459C-9DB7-4A119F6E961C}.Release|Any CPU.ActiveCfg = Release|Any CPU
		{DE49E1FF-201C-459C-9DB7-4A119F6E961C}.Release|Any CPU.Build.0 = Release|Any CPU
	EndGlobalSection
	GlobalSection(SolutionProperties) = preSolution
		HideSolutionNode = FALSE
	EndGlobalSection
EndGlobal
